{
  "name": "pteroterm",
  "version": "1.0.0",
  "lockfileVersion": 1,
  "requires": true,
  "dependencies": {
    "@types/node": {
      "version": "16.18.36",
      "resolved": "https://registry.npmjs.org/@types/node/-/node-16.18.36.tgz",
      "integrity": "sha512-8egDX8dE50XyXWH6C6PRCNkTP106DuUrvdrednFouDSmCi7IOvrqr0frznfZaHifHH/3aq/7a7v9N4wdXMqhBQ=="
    },
    "axios": {
      "version": "0.22.0",
      "resolved": "https://registry.npmjs.org/axios/-/axios-0.22.0.tgz",
      "integrity": "sha512-Z0U3uhqQeg1oNcihswf4ZD57O3NrR1+ZXhxaROaWpDmsDTx7T2HNBV2ulBtie2hwJptu8UvgnJoK+BIqdzh/1w==",
      "requires": {
        "follow-redirects": "^1.14.4"
      }
    },
    "follow-redirects": {
      "version": "1.15.2",
      "resolved": "https://registry.npmjs.org/follow-redirects/-/follow-redirects-1.15.2.tgz",
      "integrity": "sha512-VQLG33o04KaQ8uYi2tVNbdrWp1QWxNNea+nmIB4EVM28v0hmP17z7aG1+wAkNzVq4KeXTq3221ye5qTJP91JwA=="
    },
    "nodeactyl": {
      "version": "3.3.0",
      "resolved": "https://registry.npmjs.org/nodeactyl/-/nodeactyl-3.3.0.tgz",
      "integrity": "sha512-rORdecNntORRsbObaBCIuZaiex+soENNVve5NtBLAUiHaEpVpX741YgvvUc0FrBzJeFDw9v+X9ZAF5lj1DOWog==",
      "requires": {
        "axios": "^0.22.0"
      }
    },
    "serverline": {
      "version": "1.6.0",
      "resolved": "https://registry.npmjs.org/serverline/-/serverline-1.6.0.tgz",
      "integrity": "sha512-Y6c+EhD3d1WR+h1ORnb15zyskC5WoDHEkOJ1CCqyTl20+K4byKs8GP2Rn7kyDh4kQaNUOtSYBjSkLVY0q+KjrQ==",
      "requires": {
        "@types/node": "^16.11.12"
      }
    },
    "ws": {
      "version": "8.13.0",
      "resolved": "https://registry.npmjs.org/ws/-/ws-8.13.0.tgz",
      "integrity": "sha512-x9vcZYTrFPC7aSIbj7sRCYo7L/Xb8Iy+pW0ng0wt2vCJv7M9HOMy0UoN3rr+IFC7hb7vXoqS+P9ktyLLLhO+LA=="
    }
  }
}
